{
  "name": "card-engine-fiber-full-stack",
  "lockfileVersion": 3,
  "requires": true,
  "packages": {
    "": {
      "name": "card-engine-fiber-full-stack",
      "workspaces": [
        "apps/*"
      ],
      "devDependencies": {
        "turbo": "^2.4.1"
      }
    },
    "apps/client": {
      "dependencies": {
        "@react-three/drei": "^9.121.4",
        "@react-three/fiber": "^8.17.12",
        "@react-three/rapier": "^1.5.0",
        "bun-plugin-tailwind": "^0.0.14",
        "react": "^18.0.0",
        "react-dom": "^18.0.0",
        "socket.io-client": "^4.8.1",
        "three": "^0.172.0",
        "wasmoon": "^1.16.0",
        "zustand": "^5.0.3"
      },
      "devDependencies": {
        "@types/bun": "latest",
        "@types/react": "^18.3.18",
        "@types/react-dom": "^18.3.5"
      },
      "peerDependencies": {
        "typescript": "^5.0.0"
      }
    },
    "apps/server": {
      "dependencies": {
        "pino": "^9.6.0",
        "socket.io": "^4.8.1"
      },
      "devDependencies": {
        "@types/bun": "latest"
      },
      "peerDependencies": {
        "typescript": "^5.0.0"
      }
    },
    "node_modules/@babel/runtime": {
      "version": "7.26.7",
      "license": "MIT",
      "dependencies": {
        "regenerator-runtime": "^0.14.0"
      },
      "engines": {
        "node": ">=6.9.0"
      }
    },
    "node_modules/@dimforge/rapier3d-compat": {
      "version": "0.14.0",
      "license": "Apache-2.0"
    },
    "node_modules/@mediapipe/tasks-vision": {
      "version": "0.10.17",
      "license": "Apache-2.0"
    },
    "node_modules/@monogrid/gainmap-js": {
      "version": "3.1.0",
      "license": "MIT",
      "dependencies": {
        "promise-worker-transferable": "^1.0.4"
      },
      "peerDependencies": {
        "three": ">= 0.159.0"
      }
    },
    "node_modules/@react-spring/animated": {
      "version": "9.7.5",
      "license": "MIT",
      "dependencies": {
        "@react-spring/shared": "~9.7.5",
        "@react-spring/types": "~9.7.5"
      },
      "peerDependencies": {
        "react": "^16.8.0 || ^17.0.0 || ^18.0.0"
      }
    },
    "node_modules/@react-spring/core": {
      "version": "9.7.5",
      "license": "MIT",
      "dependencies": {
        "@react-spring/animated": "~9.7.5",
        "@react-spring/shared": "~9.7.5",
        "@react-spring/types": "~9.7.5"
      },
      "funding": {
        "type": "opencollective",
        "url": "https://opencollective.com/react-spring/donate"
      },
      "peerDependencies": {
        "react": "^16.8.0 || ^17.0.0 || ^18.0.0"
      }
    },
    "node_modules/@react-spring/rafz": {
      "version": "9.7.5",
      "license": "MIT"
    },
    "node_modules/@react-spring/shared": {
      "version": "9.7.5",
      "license": "MIT",
      "dependencies": {
        "@react-spring/rafz": "~9.7.5",
        "@react-spring/types": "~9.7.5"
      },
      "peerDependencies": {
        "react": "^16.8.0 || ^17.0.0 || ^18.0.0"
      }
    },
    "node_modules/@react-spring/three": {
      "version": "9.7.5",
      "license": "MIT",
      "dependencies": {
        "@react-spring/animated": "~9.7.5",
        "@react-spring/core": "~9.7.5",
        "@react-spring/shared": "~9.7.5",
        "@react-spring/types": "~9.7.5"
      },
      "peerDependencies": {
        "@react-three/fiber": ">=6.0",
        "react": "^16.8.0 || ^17.0.0 || ^18.0.0",
        "three": ">=0.126"
      }
    },
    "node_modules/@react-spring/types": {
      "version": "9.7.5",
      "license": "MIT"
    },
    "node_modules/@react-three/drei": {
      "version": "9.121.4",
      "license": "MIT",
      "dependencies": {
        "@babel/runtime": "^7.26.0",
        "@mediapipe/tasks-vision": "0.10.17",
        "@monogrid/gainmap-js": "^3.0.6",
        "@react-spring/three": "~9.7.5",
        "@use-gesture/react": "^10.3.1",
        "camera-controls": "^2.9.0",
        "cross-env": "^7.0.3",
        "detect-gpu": "^5.0.56",
        "glsl-noise": "^0.0.0",
        "hls.js": "^1.5.17",
        "maath": "^0.10.8",
        "meshline": "^3.3.1",
        "react-composer": "^5.0.3",
        "stats-gl": "^2.2.8",
        "stats.js": "^0.17.0",
        "suspend-react": "^0.1.3",
        "three-mesh-bvh": "^0.7.8",
        "three-stdlib": "^2.35.6",
        "troika-three-text": "^0.52.0",
        "tunnel-rat": "^0.1.2",
        "utility-types": "^3.11.0",
        "zustand": "^5.0.1"
      },
      "peerDependencies": {
        "@react-three/fiber": "^8",
        "react": "^18",
        "react-dom": "^18",
        "three": ">=0.137"
      },
      "peerDependenciesMeta": {
        "react-dom": {
          "optional": true
        }
      }
    },
    "node_modules/@react-three/fiber": {
      "version": "8.17.14",
      "license": "MIT",
      "dependencies": {
        "@babel/runtime": "^7.17.8",
        "@types/react-reconciler": "^0.26.7",
        "@types/webxr": "*",
        "base64-js": "^1.5.1",
        "buffer": "^6.0.3",
        "its-fine": "^1.0.6",
        "react-reconciler": "^0.27.0",
        "react-use-measure": "^2.1.7",
        "scheduler": "^0.21.0",
        "suspend-react": "^0.1.3",
        "zustand": "^3.7.1"
      },
      "peerDependencies": {
        "expo": ">=43.0",
        "expo-asset": ">=8.4",
        "expo-file-system": ">=11.0",
        "expo-gl": ">=11.0",
        "react": ">=18 <19",
        "react-dom": ">=18 <19",
        "react-native": ">=0.64",
        "three": ">=0.133"
      },
      "peerDependenciesMeta": {
        "expo": {
          "optional": true
        },
        "expo-asset": {
          "optional": true
        },
        "expo-file-system": {
          "optional": true
        },
        "expo-gl": {
          "optional": true
        },
        "react-dom": {
          "optional": true
        },
        "react-native": {
          "optional": true
        }
      }
    },
    "node_modules/@react-three/fiber/node_modules/zustand": {
      "version": "3.7.2",
      "license": "MIT",
      "engines": {
        "node": ">=12.7.0"
      },
      "peerDependencies": {
        "react": ">=16.8"
      },
      "peerDependenciesMeta": {
        "react": {
          "optional": true
        }
      }
    },
    "node_modules/@react-three/rapier": {
      "version": "1.5.0",
      "dependencies": {
        "@dimforge/rapier3d-compat": "0.14.0",
        "suspend-react": "^0.1.3",
        "three-stdlib": "^2.29.4"
      },
      "peerDependencies": {
        "@react-three/fiber": ">=8.9.0",
        "react": ">=18.0.0",
        "three": ">=0.139.0"
      }
    },
    "node_modules/@socket.io/component-emitter": {
      "version": "3.1.2",
      "license": "MIT"
    },
    "node_modules/@tweenjs/tween.js": {
      "version": "23.1.3",
      "license": "MIT"
    },
    "node_modules/@types/bun": {
      "version": "1.2.2",
      "resolved": "https://registry.npmjs.org/@types/bun/-/bun-1.2.2.tgz",
      "integrity": "sha512-tr74gdku+AEDN5ergNiBnplr7hpDp3V1h7fqI2GcR/rsUaM39jpSeKH0TFibRvU0KwniRx5POgaYnaXbk0hU+w==",
      "dev": true,
      "license": "MIT",
      "dependencies": {
        "bun-types": "1.2.2"
      }
    },
    "node_modules/@types/cors": {
      "version": "2.8.17",
      "license": "MIT",
      "dependencies": {
        "@types/node": "*"
      }
    },
    "node_modules/@types/draco3d": {
      "version": "1.4.10",
      "license": "MIT"
    },
    "node_modules/@types/emscripten": {
      "version": "1.39.10",
      "license": "MIT"
    },
    "node_modules/@types/node": {
      "version": "22.13.1",
      "license": "MIT",
      "dependencies": {
        "undici-types": "~6.20.0"
      }
    },
    "node_modules/@types/offscreencanvas": {
      "version": "2019.7.3",
      "license": "MIT"
    },
    "node_modules/@types/prop-types": {
      "version": "15.7.14",
      "license": "MIT"
    },
    "node_modules/@types/react": {
      "version": "18.3.18",
      "license": "MIT",
      "dependencies": {
        "@types/prop-types": "*",
        "csstype": "^3.0.2"
      }
    },
    "node_modules/@types/react-dom": {
      "version": "18.3.5",
      "dev": true,
      "license": "MIT",
      "peerDependencies": {
        "@types/react": "^18.0.0"
      }
    },
    "node_modules/@types/react-reconciler": {
      "version": "0.26.7",
      "license": "MIT",
      "dependencies": {
        "@types/react": "*"
      }
    },
    "node_modules/@types/stats.js": {
      "version": "0.17.3",
      "license": "MIT"
    },
    "node_modules/@types/three": {
      "version": "0.173.0",
      "license": "MIT",
      "dependencies": {
        "@tweenjs/tween.js": "~23.1.3",
        "@types/stats.js": "*",
        "@types/webxr": "*",
        "@webgpu/types": "*",
        "fflate": "~0.8.2",
        "meshoptimizer": "~0.18.1"
      }
    },
    "node_modules/@types/three/node_modules/fflate": {
      "version": "0.8.2",
      "license": "MIT"
    },
    "node_modules/@types/webxr": {
      "version": "0.5.21",
      "license": "MIT"
    },
    "node_modules/@types/ws": {
      "version": "8.5.14",
      "dev": true,
      "license": "MIT",
      "dependencies": {
        "@types/node": "*"
      }
    },
    "node_modules/@use-gesture/core": {
      "version": "10.3.1",
      "license": "MIT"
    },
    "node_modules/@use-gesture/react": {
      "version": "10.3.1",
      "license": "MIT",
      "dependencies": {
        "@use-gesture/core": "10.3.1"
      },
      "peerDependencies": {
        "react": ">= 16.8.0"
      }
    },
    "node_modules/@webgpu/types": {
      "version": "0.1.54",
      "license": "BSD-3-Clause"
    },
    "node_modules/accepts": {
      "version": "1.3.8",
      "license": "MIT",
      "dependencies": {
        "mime-types": "~2.1.34",
        "negotiator": "0.6.3"
      },
      "engines": {
        "node": ">= 0.6"
      }
    },
    "node_modules/atomic-sleep": {
      "version": "1.0.0",
      "license": "MIT",
      "engines": {
        "node": ">=8.0.0"
      }
    },
    "node_modules/base64-js": {
      "version": "1.5.1",
      "funding": [
        {
          "type": "github",
          "url": "https://github.com/sponsors/feross"
        },
        {
          "type": "patreon",
          "url": "https://www.patreon.com/feross"
        },
        {
          "type": "consulting",
          "url": "https://feross.org/support"
        }
      ],
      "license": "MIT"
    },
    "node_modules/base64id": {
      "version": "2.0.0",
      "license": "MIT",
      "engines": {
        "node": "^4.5.0 || >= 5.9"
      }
    },
    "node_modules/bidi-js": {
      "version": "1.0.3",
      "license": "MIT",
      "dependencies": {
        "require-from-string": "^2.0.2"
      }
    },
    "node_modules/buffer": {
      "version": "6.0.3",
      "funding": [
        {
          "type": "github",
          "url": "https://github.com/sponsors/feross"
        },
        {
          "type": "patreon",
          "url": "https://www.patreon.com/feross"
        },
        {
          "type": "consulting",
          "url": "https://feross.org/support"
        }
      ],
      "license": "MIT",
      "dependencies": {
        "base64-js": "^1.3.1",
        "ieee754": "^1.2.1"
      }
    },
    "node_modules/bun-plugin-tailwind": {
      "version": "0.0.14",
      "license": "MIT",
      "dependencies": {
        "tailwindcss": "4.0.0-beta.9"
      },
      "peerDependencies": {
        "typescript": "^5.0.0"
      }
    },
    "node_modules/bun-types": {
      "version": "1.2.2",
      "dev": true,
      "license": "MIT",
      "dependencies": {
        "@types/node": "*",
        "@types/ws": "~8.5.10"
      }
    },
    "node_modules/camera-controls": {
      "version": "2.9.0",
      "license": "MIT",
      "peerDependencies": {
        "three": ">=0.126.1"
      }
    },
    "node_modules/client": {
      "resolved": "apps/client",
      "link": true
    },
    "node_modules/cookie": {
      "version": "0.7.2",
      "license": "MIT",
      "engines": {
        "node": ">= 0.6"
      }
    },
    "node_modules/cors": {
      "version": "2.8.5",
      "license": "MIT",
      "dependencies": {
        "object-assign": "^4",
        "vary": "^1"
      },
      "engines": {
        "node": ">= 0.10"
      }
    },
    "node_modules/cross-env": {
      "version": "7.0.3",
      "license": "MIT",
      "dependencies": {
        "cross-spawn": "^7.0.1"
      },
      "bin": {
        "cross-env": "src/bin/cross-env.js",
        "cross-env-shell": "src/bin/cross-env-shell.js"
      },
      "engines": {
        "node": ">=10.14",
        "npm": ">=6",
        "yarn": ">=1"
      }
    },
    "node_modules/cross-spawn": {
      "version": "7.0.6",
      "license": "MIT",
      "dependencies": {
        "path-key": "^3.1.0",
        "shebang-command": "^2.0.0",
        "which": "^2.0.1"
      },
      "engines": {
        "node": ">= 8"
      }
    },
    "node_modules/csstype": {
      "version": "3.1.3",
      "license": "MIT"
    },
    "node_modules/debug": {
      "version": "4.3.7",
      "license": "MIT",
      "dependencies": {
        "ms": "^2.1.3"
      },
      "engines": {
        "node": ">=6.0"
      },
      "peerDependenciesMeta": {
        "supports-color": {
          "optional": true
        }
      }
    },
    "node_modules/detect-gpu": {
      "version": "5.0.68",
      "license": "MIT",
      "dependencies": {
        "webgl-constants": "^1.1.1"
      }
    },
    "node_modules/draco3d": {
      "version": "1.5.7",
      "license": "Apache-2.0"
    },
    "node_modules/engine.io": {
      "version": "6.6.4",
      "license": "MIT",
      "dependencies": {
        "@types/cors": "^2.8.12",
        "@types/node": ">=10.0.0",
        "accepts": "~1.3.4",
        "base64id": "2.0.0",
        "cookie": "~0.7.2",
        "cors": "~2.8.5",
        "debug": "~4.3.1",
        "engine.io-parser": "~5.2.1",
        "ws": "~8.17.1"
      },
      "engines": {
        "node": ">=10.2.0"
      }
    },
    "node_modules/engine.io-client": {
      "version": "6.6.3",
      "license": "MIT",
      "dependencies": {
        "@socket.io/component-emitter": "~3.1.0",
        "debug": "~4.3.1",
        "engine.io-parser": "~5.2.1",
        "ws": "~8.17.1",
        "xmlhttprequest-ssl": "~2.1.1"
      }
    },
    "node_modules/engine.io-parser": {
      "version": "5.2.3",
      "license": "MIT",
      "engines": {
        "node": ">=10.0.0"
      }
    },
    "node_modules/fast-redact": {
      "version": "3.5.0",
      "license": "MIT",
      "engines": {
        "node": ">=6"
      }
    },
    "node_modules/fflate": {
      "version": "0.6.10",
      "license": "MIT"
    },
    "node_modules/glsl-noise": {
      "version": "0.0.0",
      "license": "MIT"
    },
    "node_modules/hls.js": {
      "version": "1.5.20",
      "license": "Apache-2.0"
    },
    "node_modules/ieee754": {
      "version": "1.2.1",
      "funding": [
        {
          "type": "github",
          "url": "https://github.com/sponsors/feross"
        },
        {
          "type": "patreon",
          "url": "https://www.patreon.com/feross"
        },
        {
          "type": "consulting",
          "url": "https://feross.org/support"
        }
      ],
      "license": "BSD-3-Clause"
    },
    "node_modules/immediate": {
      "version": "3.0.6",
      "license": "MIT"
    },
    "node_modules/is-promise": {
      "version": "2.2.2",
      "license": "MIT"
    },
    "node_modules/isexe": {
      "version": "2.0.0",
      "license": "ISC"
    },
    "node_modules/its-fine": {
      "version": "1.2.5",
      "license": "MIT",
      "dependencies": {
        "@types/react-reconciler": "^0.28.0"
      },
      "peerDependencies": {
        "react": ">=18.0"
      }
    },
    "node_modules/its-fine/node_modules/@types/react-reconciler": {
      "version": "0.28.9",
      "license": "MIT",
      "peerDependencies": {
        "@types/react": "*"
      }
    },
    "node_modules/js-tokens": {
      "version": "4.0.0",
      "license": "MIT"
    },
    "node_modules/lie": {
      "version": "3.3.0",
      "license": "MIT",
      "dependencies": {
        "immediate": "~3.0.5"
      }
    },
    "node_modules/loose-envify": {
      "version": "1.4.0",
      "license": "MIT",
      "dependencies": {
        "js-tokens": "^3.0.0 || ^4.0.0"
      },
      "bin": {
        "loose-envify": "cli.js"
      }
    },
    "node_modules/maath": {
      "version": "0.10.8",
      "license": "MIT",
      "peerDependencies": {
        "@types/three": ">=0.134.0",
        "three": ">=0.134.0"
      }
    },
    "node_modules/meshline": {
      "version": "3.3.1",
      "license": "MIT",
      "peerDependencies": {
        "three": ">=0.137"
      }
    },
    "node_modules/meshoptimizer": {
      "version": "0.18.1",
      "license": "MIT"
    },
    "node_modules/mime-db": {
      "version": "1.52.0",
      "license": "MIT",
      "engines": {
        "node": ">= 0.6"
      }
    },
    "node_modules/mime-types": {
      "version": "2.1.35",
      "license": "MIT",
      "dependencies": {
        "mime-db": "1.52.0"
      },
      "engines": {
        "node": ">= 0.6"
      }
    },
    "node_modules/ms": {
      "version": "2.1.3",
      "license": "MIT"
    },
    "node_modules/negotiator": {
      "version": "0.6.3",
      "license": "MIT",
      "engines": {
        "node": ">= 0.6"
      }
    },
    "node_modules/object-assign": {
      "version": "4.1.1",
      "license": "MIT",
      "engines": {
        "node": ">=0.10.0"
      }
    },
    "node_modules/on-exit-leak-free": {
      "version": "2.1.2",
      "license": "MIT",
      "engines": {
        "node": ">=14.0.0"
      }
    },
    "node_modules/path-key": {
      "version": "3.1.1",
      "license": "MIT",
      "engines": {
        "node": ">=8"
      }
    },
    "node_modules/pino": {
      "version": "9.6.0",
      "license": "MIT",
      "dependencies": {
        "atomic-sleep": "^1.0.0",
        "fast-redact": "^3.1.1",
        "on-exit-leak-free": "^2.1.0",
        "pino-abstract-transport": "^2.0.0",
        "pino-std-serializers": "^7.0.0",
        "process-warning": "^4.0.0",
        "quick-format-unescaped": "^4.0.3",
        "real-require": "^0.2.0",
        "safe-stable-stringify": "^2.3.1",
        "sonic-boom": "^4.0.1",
        "thread-stream": "^3.0.0"
      },
      "bin": {
        "pino": "bin.js"
      }
    },
    "node_modules/pino-abstract-transport": {
      "version": "2.0.0",
      "license": "MIT",
      "dependencies": {
        "split2": "^4.0.0"
      }
    },
    "node_modules/pino-std-serializers": {
      "version": "7.0.0",
      "license": "MIT"
    },
    "node_modules/potpack": {
      "version": "1.0.2",
      "license": "ISC"
    },
    "node_modules/process-warning": {
      "version": "4.0.1",
      "funding": [
        {
          "type": "github",
          "url": "https://github.com/sponsors/fastify"
        },
        {
          "type": "opencollective",
          "url": "https://opencollective.com/fastify"
        }
      ],
      "license": "MIT"
    },
    "node_modules/promise-worker-transferable": {
      "version": "1.0.4",
      "license": "Apache-2.0",
      "dependencies": {
        "is-promise": "^2.1.0",
        "lie": "^3.0.2"
      }
    },
    "node_modules/prop-types": {
      "version": "15.8.1",
      "license": "MIT",
      "dependencies": {
        "loose-envify": "^1.4.0",
        "object-assign": "^4.1.1",
        "react-is": "^16.13.1"
      }
    },
    "node_modules/quick-format-unescaped": {
      "version": "4.0.4",
      "license": "MIT"
    },
    "node_modules/react": {
      "version": "18.3.1",
      "license": "MIT",
      "dependencies": {
        "loose-envify": "^1.1.0"
      },
      "engines": {
        "node": ">=0.10.0"
      }
    },
    "node_modules/react-composer": {
      "version": "5.0.3",
      "license": "MIT",
      "dependencies": {
        "prop-types": "^15.6.0"
      },
      "peerDependencies": {
        "react": "^15.0.0 || ^16.0.0 || ^17.0.0 || ^18.0.0"
      }
    },
    "node_modules/react-dom": {
      "version": "18.3.1",
      "license": "MIT",
      "dependencies": {
        "loose-envify": "^1.1.0",
        "scheduler": "^0.23.2"
      },
      "peerDependencies": {
        "react": "^18.3.1"
      }
    },
    "node_modules/react-dom/node_modules/scheduler": {
      "version": "0.23.2",
      "license": "MIT",
      "dependencies": {
        "loose-envify": "^1.1.0"
      }
    },
    "node_modules/react-is": {
      "version": "16.13.1",
      "license": "MIT"
    },
    "node_modules/react-reconciler": {
      "version": "0.27.0",
      "license": "MIT",
      "dependencies": {
        "loose-envify": "^1.1.0",
        "scheduler": "^0.21.0"
      },
      "engines": {
        "node": ">=0.10.0"
      },
      "peerDependencies": {
        "react": "^18.0.0"
      }
    },
    "node_modules/react-use-measure": {
      "version": "2.1.7",
      "license": "MIT",
      "peerDependencies": {
        "react": ">=16.13",
        "react-dom": ">=16.13"
      },
      "peerDependenciesMeta": {
        "react-dom": {
          "optional": true
        }
      }
    },
    "node_modules/real-require": {
      "version": "0.2.0",
      "license": "MIT",
      "engines": {
        "node": ">= 12.13.0"
      }
    },
    "node_modules/regenerator-runtime": {
      "version": "0.14.1",
      "license": "MIT"
    },
    "node_modules/require-from-string": {
      "version": "2.0.2",
      "license": "MIT",
      "engines": {
        "node": ">=0.10.0"
      }
    },
    "node_modules/safe-stable-stringify": {
      "version": "2.5.0",
      "license": "MIT",
      "engines": {
        "node": ">=10"
      }
    },
    "node_modules/scheduler": {
      "version": "0.21.0",
      "license": "MIT",
      "dependencies": {
        "loose-envify": "^1.1.0"
      }
    },
    "node_modules/server": {
      "resolved": "apps/server",
      "link": true
    },
    "node_modules/shebang-command": {
      "version": "2.0.0",
      "license": "MIT",
      "dependencies": {
        "shebang-regex": "^3.0.0"
      },
      "engines": {
        "node": ">=8"
      }
    },
    "node_modules/shebang-regex": {
      "version": "3.0.0",
      "license": "MIT",
      "engines": {
        "node": ">=8"
      }
    },
    "node_modules/socket.io": {
      "version": "4.8.1",
      "license": "MIT",
      "dependencies": {
        "accepts": "~1.3.4",
        "base64id": "~2.0.0",
        "cors": "~2.8.5",
        "debug": "~4.3.2",
        "engine.io": "~6.6.0",
        "socket.io-adapter": "~2.5.2",
        "socket.io-parser": "~4.2.4"
      },
      "engines": {
        "node": ">=10.2.0"
      }
    },
    "node_modules/socket.io-adapter": {
      "version": "2.5.5",
      "license": "MIT",
      "dependencies": {
        "debug": "~4.3.4",
        "ws": "~8.17.1"
      }
    },
    "node_modules/socket.io-client": {
      "version": "4.8.1",
      "license": "MIT",
      "dependencies": {
        "@socket.io/component-emitter": "~3.1.0",
        "debug": "~4.3.2",
        "engine.io-client": "~6.6.1",
        "socket.io-parser": "~4.2.4"
      },
      "engines": {
        "node": ">=10.0.0"
      }
    },
    "node_modules/socket.io-parser": {
      "version": "4.2.4",
      "license": "MIT",
      "dependencies": {
        "@socket.io/component-emitter": "~3.1.0",
        "debug": "~4.3.1"
      },
      "engines": {
        "node": ">=10.0.0"
      }
    },
    "node_modules/sonic-boom": {
      "version": "4.2.0",
      "license": "MIT",
      "dependencies": {
        "atomic-sleep": "^1.0.0"
      }
    },
    "node_modules/split2": {
      "version": "4.2.0",
      "license": "ISC",
      "engines": {
        "node": ">= 10.x"
      }
    },
    "node_modules/stats-gl": {
      "version": "2.4.2",
      "license": "MIT",
      "dependencies": {
        "@types/three": "*",
        "three": "^0.170.0"
      },
      "peerDependencies": {
        "@types/three": "*",
        "three": "*"
      }
    },
    "node_modules/stats-gl/node_modules/three": {
      "version": "0.170.0",
      "license": "MIT"
    },
    "node_modules/stats.js": {
      "version": "0.17.0",
      "license": "MIT"
    },
    "node_modules/suspend-react": {
      "version": "0.1.3",
      "license": "MIT",
      "peerDependencies": {
        "react": ">=17.0"
      }
    },
    "node_modules/tailwindcss": {
      "version": "4.0.0-beta.9",
      "license": "MIT"
    },
    "node_modules/thread-stream": {
      "version": "3.1.0",
      "license": "MIT",
      "dependencies": {
        "real-require": "^0.2.0"
      }
    },
    "node_modules/three": {
      "version": "0.172.0",
      "license": "MIT"
    },
    "node_modules/three-mesh-bvh": {
      "version": "0.7.8",
      "license": "MIT",
      "peerDependencies": {
        "three": ">= 0.151.0"
      }
    },
    "node_modules/three-stdlib": {
      "version": "2.35.13",
      "license": "MIT",
      "dependencies": {
        "@types/draco3d": "^1.4.0",
        "@types/offscreencanvas": "^2019.6.4",
        "@types/webxr": "^0.5.2",
        "draco3d": "^1.4.1",
        "fflate": "^0.6.9",
        "potpack": "^1.0.1"
      },
      "peerDependencies": {
        "three": ">=0.128.0"
      }
    },
    "node_modules/troika-three-text": {
      "version": "0.52.3",
      "license": "MIT",
      "dependencies": {
        "bidi-js": "^1.0.2",
        "troika-three-utils": "^0.52.0",
        "troika-worker-utils": "^0.52.0",
        "webgl-sdf-generator": "1.1.1"
      },
      "peerDependencies": {
        "three": ">=0.125.0"
      }
    },
    "node_modules/troika-three-utils": {
      "version": "0.52.0",
      "license": "MIT",
      "peerDependencies": {
        "three": ">=0.125.0"
      }
    },
    "node_modules/troika-worker-utils": {
      "version": "0.52.0",
      "license": "MIT"
    },
    "node_modules/tunnel-rat": {
      "version": "0.1.2",
      "license": "MIT",
      "dependencies": {
        "zustand": "^4.3.2"
      }
    },
    "node_modules/tunnel-rat/node_modules/zustand": {
      "version": "4.5.6",
      "license": "MIT",
      "dependencies": {
        "use-sync-external-store": "^1.2.2"
      },
      "engines": {
        "node": ">=12.7.0"
      },
      "peerDependencies": {
        "@types/react": ">=16.8",
        "immer": ">=9.0.6",
        "react": ">=16.8"
      },
      "peerDependenciesMeta": {
        "@types/react": {
          "optional": true
        },
        "immer": {
          "optional": true
        },
        "react": {
          "optional": true
        }
      }
    },
    "node_modules/turbo": {
      "version": "2.4.1",
      "resolved": "https://registry.npmjs.org/turbo/-/turbo-2.4.1.tgz",
      "integrity": "sha512-XIIHXAhvD3sv34WLaN/969WTHCHYmm3zf0XQ+CrEP1A7ffIQG50cwNcp7Gh96CaGyjEXMh9odoHyggoZQ3Prvw==",
      "dev": true,
      "license": "MIT",
      "bin": {
        "turbo": "bin/turbo"
      },
      "optionalDependencies": {
        "turbo-darwin-64": "2.4.1",
        "turbo-darwin-arm64": "2.4.1",
        "turbo-linux-64": "2.4.1",
        "turbo-linux-arm64": "2.4.1",
        "turbo-windows-64": "2.4.1",
        "turbo-windows-arm64": "2.4.1"
      }
    },
    "node_modules/turbo-darwin-64": {
      "version": "2.4.1",
      "resolved": "https://registry.npmjs.org/turbo-darwin-64/-/turbo-darwin-64-2.4.1.tgz",
      "integrity": "sha512-oos3Gz5N6ol2/7+ys0wPENhl7ZzeVKIumn2BR7X2oE5dEPxNPDMOpKBwreU9ToCxM94e+uFTzKgjcUJpBqpTHA==",
      "cpu": [
        "x64"
      ],
      "dev": true,
      "license": "MIT",
      "optional": true,
      "os": [
        "darwin"
      ]
    },
    "node_modules/turbo-darwin-arm64": {
      "version": "2.4.1",
      "resolved": "https://registry.npmjs.org/turbo-darwin-arm64/-/turbo-darwin-arm64-2.4.1.tgz",
      "integrity": "sha512-NoIQsSSvCJDTShgX+v+doSP/g0kAhHhq5p2fpsEAlougs2wcQvwv/LndeqojzkHbxB39lOQmqBYHJcki46Q3oQ==",
      "cpu": [
        "arm64"
      ],
      "dev": true,
      "license": "MIT",
      "optional": true,
      "os": [
        "darwin"
      ]
    },
    "node_modules/turbo-linux-64": {
      "version": "2.4.1",
      "resolved": "https://registry.npmjs.org/turbo-linux-64/-/turbo-linux-64-2.4.1.tgz",
      "integrity": "sha512-iXIeG8YhluaJF/5KQEudRf8ECBWND8X0yxXDrFIq2wmLLCg4A7gSSzVcBq30rYYeyyU4xMj/sm3HbsAaao3jjg==",
      "cpu": [
        "x64"
      ],
      "dev": true,
      "license": "MIT",
      "optional": true,
      "os": [
        "linux"
      ]
    },
    "node_modules/turbo-linux-arm64": {
      "version": "2.4.1",
      "resolved": "https://registry.npmjs.org/turbo-linux-arm64/-/turbo-linux-arm64-2.4.1.tgz",
      "integrity": "sha512-jd5apBV7lBGn3CnkQN/hEMbwazNgZcrwLt6DIkWy/TSi5xfSQEqcR3k9HxviQ7hKMcr1Q1hN6FHWm8Vw90Ej4A==",
      "cpu": [
        "arm64"
      ],
      "dev": true,
      "license": "MIT",
      "optional": true,
      "os": [
        "linux"
      ]
    },
    "node_modules/turbo-windows-64": {
      "version": "2.4.1",
      "resolved": "https://registry.npmjs.org/turbo-windows-64/-/turbo-windows-64-2.4.1.tgz",
      "integrity": "sha512-4RYRAijohyQ7uetZY4SSikSgGccq+7tmnljdm/XezpK9t0+3gldKA2vHF0++yLZeZr+CFgqmBeGSFi7B+vhc2g==",
      "cpu": [
        "x64"
      ],
      "dev": true,
      "license": "MIT",
      "optional": true,
      "os": [
        "win32"
      ]
    },
    "node_modules/turbo-windows-arm64": {
      "version": "2.4.1",
      "resolved": "https://registry.npmjs.org/turbo-windows-arm64/-/turbo-windows-arm64-2.4.1.tgz",
      "integrity": "sha512-4lZB0+AxWB01Adx5xHZhO746FgaHR0T3qzEDF2nf/nx8LAUtN3iwaZQgAsTsblaAKjiM7lxWDI0s/Q3fektsPg==",
      "cpu": [
        "arm64"
      ],
      "dev": true,
      "license": "MIT",
      "optional": true,
      "os": [
        "win32"
      ]
    },
    "node_modules/typescript": {
      "version": "5.7.3",
      "license": "Apache-2.0",
      "peer": true,
      "bin": {
        "tsc": "bin/tsc",
        "tsserver": "bin/tsserver"
      },
      "engines": {
        "node": ">=14.17"
      }
    },
    "node_modules/undici-types": {
      "version": "6.20.0",
      "license": "MIT"
    },
    "node_modules/use-sync-external-store": {
      "version": "1.4.0",
      "license": "MIT",
      "peerDependencies": {
        "react": "^16.8.0 || ^17.0.0 || ^18.0.0 || ^19.0.0"
      }
    },
    "node_modules/utility-types": {
      "version": "3.11.0",
      "license": "MIT",
      "engines": {
        "node": ">= 4"
      }
    },
    "node_modules/vary": {
      "version": "1.1.2",
      "license": "MIT",
      "engines": {
        "node": ">= 0.8"
      }
    },
    "node_modules/wasmoon": {
      "version": "1.16.0",
      "license": "MIT",
      "dependencies": {
        "@types/emscripten": "1.39.10"
      },
      "bin": {
        "wasmoon": "bin/wasmoon"
      }
    },
    "node_modules/webgl-constants": {
      "version": "1.1.1"
    },
    "node_modules/webgl-sdf-generator": {
      "version": "1.1.1",
      "license": "MIT"
    },
    "node_modules/which": {
      "version": "2.0.2",
      "license": "ISC",
      "dependencies": {
        "isexe": "^2.0.0"
      },
      "bin": {
        "node-which": "bin/node-which"
      },
      "engines": {
        "node": ">= 8"
      }
    },
    "node_modules/ws": {
      "version": "8.17.1",
      "license": "MIT",
      "engines": {
        "node": ">=10.0.0"
      },
      "peerDependencies": {
        "bufferutil": "^4.0.1",
        "utf-8-validate": ">=5.0.2"
      },
      "peerDependenciesMeta": {
        "bufferutil": {
          "optional": true
        },
        "utf-8-validate": {
          "optional": true
        }
      }
    },
    "node_modules/xmlhttprequest-ssl": {
      "version": "2.1.2",
      "engines": {
        "node": ">=0.4.0"
      }
    },
    "node_modules/zustand": {
      "version": "5.0.3",
      "license": "MIT",
      "engines": {
        "node": ">=12.20.0"
      },
      "peerDependencies": {
        "@types/react": ">=18.0.0",
        "immer": ">=9.0.6",
        "react": ">=18.0.0",
        "use-sync-external-store": ">=1.2.0"
      },
      "peerDependenciesMeta": {
        "@types/react": {
          "optional": true
        },
        "immer": {
          "optional": true
        },
        "react": {
          "optional": true
        },
        "use-sync-external-store": {
          "optional": true
        }
      }
    }
  }
}
